
Microsoft Visual Studio Solution File, Format Version 12.00
# Visual Studio Version 17
VisualStudioVersion = 17.8.34525.116
MinimumVisualStudioVersion = 10.0.40219.1
Project("{8BC9CEB8-8B4A-11D0-8D11-00A0C91BC942}") = "DelaunayTriangulation", "DelaunayTriangulation\DelaunayTriangulation.vcxproj", "{6290BD66-F4F7-4C77-8BC3-2DBEDF82727D}"
EndProject
Project("{8BC9CEB8-8B4A-11D0-8D11-00A0C91BC942}") = "DelaunayTriangulationTest", "DelaunayTriangulationTest\DelaunayTriangulationTest.vcxproj", "{21D2D4BC-B6A5-4DA5-A5DB-4E29F0FB2DB5}"
EndProject
Global
	GlobalSection(SolutionConfigurationPlatforms) = preSolution
		Debug|x64 = Debug|x64
		Debug|x86 = Debug|x86
		Release|x64 = Release|x64
		Release|x86 = Release|x86
	EndGlobalSection
	GlobalSection(ProjectConfigurationPlatforms) = postSolution
		{6290BD66-F4F7-4C77-8BC3-2DBEDF82727D}.Debug|x64.ActiveCfg = Debug|x64
		{6290BD66-F4F7-4C77-8BC3-2DBEDF82727D}.Debug|x64.Build.0 = Debug|x64
		{6290BD66-F4F7-4C77-8BC3-2DBEDF82727D}.Debug|x86.ActiveCfg = Debug|Win32
		{6290BD66-F4F7-4C77-8BC3-2DBEDF82727D}.Debug|x86.Build.0 = Debug|Win32
		{6290BD66-F4F7-4C77-8BC3-2DBEDF82727D}.Release|x64.ActiveCfg = Release|x64
		{6290BD66-F4F7-4C77-8BC3-2DBEDF82727D}.Release|x64.Build.0 = Release|x64
		{6290BD66-F4F7-4C77-8BC3-2DBEDF82727D}.Release|x86.ActiveCfg = Release|Win32
		{6290BD66-F4F7-4C77-8BC3-2DBEDF82727D}.Release|x86.Build.0 = Release|Win32
		{21D2D4BC-B6A5-4DA5-A5DB-4E29F0FB2DB5}.Debug|x64.ActiveCfg = Debug|x64
		{21D2D4BC-B6A5-4DA5-A5DB-4E29F0FB2DB5}.Debug|x64.Build.0 = Debug|x64
		{21D2D4BC-B6A5-4DA5-A5DB-4E29F0FB2DB5}.Debug|x86.ActiveCfg = Debug|Win32
		{21D2D4BC-B6A5-4DA5-A5DB-4E29F0FB2DB5}.Debug|x86.Build.0 = Debug|Win32
		{21D2D4BC-B6A5-4DA5-A5DB-4E29F0FB2DB5}.Release|x64.ActiveCfg = Release|x64
		{21D2D4BC-B6A5-4DA5-A5DB-4E29F0FB2DB5}.Release|x64.Build.0 = Release|x64
		{21D2D4BC-B6A5-4DA5-A5DB-4E29F0FB2DB5}.Release|x86.ActiveCfg = Release|Win32
		{21D2D4BC-B6A5-4DA5-A5DB-4E29F0FB2DB5}.Release|x86.Build.0 = Release|Win32
	EndGlobalSection
	GlobalSection(SolutionProperties) = preSolution
		HideSolutionNode = FALSE
	EndGlobalSection
	GlobalSection(ExtensibilityGlobals) = postSolution
		SolutionGuid = {E346101F-EC4B-4A66-8CA3-6F9A4BCEEB0B}
	EndGlobalSection
EndGlobal
